
Microsoft Visual Studio Solution File, Format Version 12.00
# Visual Studio Version 17
VisualStudioVersion = 17.14.36221.1 d17.14
MinimumVisualStudioVersion = 10.0.40219.1
Project("{FAE04EC0-301F-11D3-BF4B-00C04F79EFBC}") = "Topic 2 - Assignment 2", "Topic 2 - Assignment 2\Topic 2 - Assignment 2.csproj", "{395D46BA-76BD-4F0F-BCED-2D30290307CD}"
EndProject
Global
	GlobalSection(SolutionConfigurationPlatforms) = preSolution
		Debug|Any CPU = Debug|Any CPU
		Release|Any CPU = Release|Any CPU
	EndGlobalSection
	GlobalSection(ProjectConfigurationPlatforms) = postSolution
		{395D46BA-76BD-4F0F-BCED-2D30290307CD}.Debug|Any CPU.ActiveCfg = Debug|Any CPU
		{395D46BA-76BD-4F0F-BCED-2D30290307CD}.Debug|Any CPU.Build.0 = Debug|Any CPU
		{395D46BA-76BD-4F0F-BCED-2D30290307CD}.Release|Any CPU.ActiveCfg = Release|Any CPU
		{395D46BA-76BD-4F0F-BCED-2D30290307CD}.Release|Any CPU.Build.0 = Release|Any CPU
	EndGlobalSection
	GlobalSection(SolutionProperties) = preSolution
		HideSolutionNode = FALSE
	EndGlobalSection
	GlobalSection(ExtensibilityGlobals) = postSolution
		SolutionGuid = {69213D86-CC8B-40BC-9C1A-F8811BB7F0D5}
	EndGlobalSection
EndGlobal
